{
  "name": "agent-ops-command-center",
  "version": "0.5.142",
  "lockfileVersion": 3,
  "requires": true,
  "packages": {
    "": {
      "name": "agent-ops-command-center",
      "version": "0.5.142",
      "license": "MIT",
      "bin": {
        "agent-ops": "bin/agent-ops-command-center.js",
        "agent-ops-command-center": "bin/agent-ops-command-center.js",
        "agent-ops-mcp-server": "bin/agent-ops-mcp-server.js"
      },
      "engines": {
        "node": ">=18"
      },
      "funding": {
        "type": "custom",
        "url": "https://ivelly42.github.io/agent-ops-command-center/team-request-url.html"
      }
    }
  }
}
